<?xml version="1.0" encoding="utf-8"?>
<Project ToolsVersion="4.0" xmlns="http://schemas.microsoft.com/developer/msbuild/2003">
  <ItemGroup>
    <Filter Include="src">
      <UniqueIdentifier>{b3d1fa63-b9ea-40ea-90b6-94c13cfabb2b}</UniqueIdentifier>
    </Filter>
    <Filter Include="src\plugins">
      <UniqueIdentifier>{9113773c-6733-4460-a6a6-5abbdf7fe013}</UniqueIdentifier>
    </Filter>
    <Filter Include="src\plugins\gme">
      <UniqueIdentifier>{73304fe9-7218-4bee-ac46-5c23efd97208}</UniqueIdentifier>
    </Filter>
    <Filter Include="src\ui">
      <UniqueIdentifier>{2feab5a7-d39c-443a-9bea-82c772c6c2af}</UniqueIdentifier>
    </Filter>
    <Filter Include="src\plugins\upse">
      <UniqueIdentifier>{ca1853a2-e169-4fc0-acdd-bc825c89c84f}</UniqueIdentifier>
    </Filter>
    <Filter Include="src\plugins\upse\Neill">
      <UniqueIdentifier>{ce0e272a-941f-4ce4-9890-5c1222bbf47f}</UniqueIdentifier>
    </Filter>
  </ItemGroup>
  <ItemGroup>
    <ClCompile Include="..\..\..\src\plugins\libgme\gme\Kss_Scc_Apu.cpp">
      <Filter>src\plugins\gme</Filter>
    </ClCompile>
    <ClCompile Include="..\..\..\src\plugins\libgme\gme\M3u_Playlist.cpp">
      <Filter>src\plugins\gme</Filter>
    </ClCompile>
    <ClCompile Include="..\..\..\src\plugins\libgme\gme\Multi_Buffer.cpp">
      <Filter>src\plugins\gme</Filter>
    </ClCompile>
    <ClCompile Include="..\..\..\src\plugins\libgme\gme\Music_Emu.cpp">
      <Filter>src\plugins\gme</Filter>
    </ClCompile>
    <ClCompile Include="..\..\..\src\plugins\libgme\gme\Nes_Apu.cpp">
      <Filter>src\plugins\gme</Filter>
    </ClCompile>
    <ClCompile Include="..\..\..\src\plugins\libgme\gme\Nes_Cpu.cpp">
      <Filter>src\plugins\gme</Filter>
    </ClCompile>
    <ClCompile Include="..\..\..\src\plugins\libgme\gme\Nes_Fme7_Apu.cpp">
      <Filter>src\plugins\gme</Filter>
    </ClCompile>
    <ClCompile Include="..\..\..\src\plugins\libgme\gme\Nes_Namco_Apu.cpp">
      <Filter>src\plugins\gme</Filter>
    </ClCompile>
    <ClCompile Include="..\..\..\src\plugins\libgme\gme\Nes_Oscs.cpp">
      <Filter>src\plugins\gme</Filter>
    </ClCompile>
    <ClCompile Include="..\..\..\src\plugins\libgme\gme\Nes_Vrc6_Apu.cpp">
      <Filter>src\plugins\gme</Filter>
    </ClCompile>
    <ClCompile Include="..\..\..\src\plugins\libgme\gme\Nsf_Emu.cpp">
      <Filter>src\plugins\gme</Filter>
    </ClCompile>
    <ClCompile Include="..\..\..\src\plugins\libgme\gme\Nsfe_Emu.cpp">
      <Filter>src\plugins\gme</Filter>
    </ClCompile>
    <ClCompile Include="..\..\..\src\plugins\libgme\gme\Sap_Apu.cpp">
      <Filter>src\plugins\gme</Filter>
    </ClCompile>
    <ClCompile Include="..\..\..\src\plugins\libgme\gme\Sap_Cpu.cpp">
      <Filter>src\plugins\gme</Filter>
    </ClCompile>
    <ClCompile Include="..\..\..\src\plugins\libgme\gme\Sap_Emu.cpp">
      <Filter>src\plugins\gme</Filter>
    </ClCompile>
    <ClCompile Include="..\..\..\src\plugins\libgme\gme\Sms_Apu.cpp">
      <Filter>src\plugins\gme</Filter>
    </ClCompile>
    <ClCompile Include="..\..\..\src\plugins\libgme\gme\Snes_Spc.cpp">
      <Filter>src\plugins\gme</Filter>
    </ClCompile>
    <ClCompile Include="..\..\..\src\plugins\libgme\gme\Spc_Cpu.cpp">
      <Filter>src\plugins\gme</Filter>
    </ClCompile>
    <ClCompile Include="..\..\..\src\plugins\libgme\gme\Spc_Dsp.cpp">
      <Filter>src\plugins\gme</Filter>
    </ClCompile>
    <ClCompile Include="..\..\..\src\plugins\libgme\gme\Spc_Emu.cpp">
      <Filter>src\plugins\gme</Filter>
    </ClCompile>
    <ClCompile Include="..\..\..\src\plugins\libgme\gme\Spc_Filter.cpp">
      <Filter>src\plugins\gme</Filter>
    </ClCompile>
    <ClCompile Include="..\..\..\src\plugins\libgme\gme\Vgm_Emu.cpp">
      <Filter>src\plugins\gme</Filter>
    </ClCompile>
    <ClCompile Include="..\..\..\src\plugins\libgme\gme\Vgm_Emu_Impl.cpp">
      <Filter>src\plugins\gme</Filter>
    </ClCompile>
    <ClCompile Include="..\..\..\src\plugins\libgme\gme\Ym2413_Emu.cpp">
      <Filter>src\plugins\gme</Filter>
    </ClCompile>
    <ClCompile Include="..\..\..\src\plugins\libgme\gme\Ym2612_Emu.cpp">
      <Filter>src\plugins\gme</Filter>
    </ClCompile>
    <ClCompile Include="..\..\..\src\plugins\libgme\gme\Ay_Apu.cpp">
      <Filter>src\plugins\gme</Filter>
    </ClCompile>
    <ClCompile Include="..\..\..\src\plugins\libgme\gme\Ay_Cpu.cpp">
      <Filter>src\plugins\gme</Filter>
    </ClCompile>
    <ClCompile Include="..\..\..\src\plugins\libgme\gme\Ay_Emu.cpp">
      <Filter>src\plugins\gme</Filter>
    </ClCompile>
    <ClCompile Include="..\..\..\src\plugins\libgme\gme\Blip_Buffer.cpp">
      <Filter>src\plugins\gme</Filter>
    </ClCompile>
    <ClCompile Include="..\..\..\src\plugins\libgme\gme\Classic_Emu.cpp">
      <Filter>src\plugins\gme</Filter>
    </ClCompile>
    <ClCompile Include="..\..\..\src\plugins\libgme\gme\Data_Reader.cpp">
      <Filter>src\plugins\gme</Filter>
    </ClCompile>
    <ClCompile Include="..\..\..\src\plugins\libgme\gme\Dual_Resampler.cpp">
      <Filter>src\plugins\gme</Filter>
    </ClCompile>
    <ClCompile Include="..\..\..\src\plugins\libgme\gme\Effects_Buffer.cpp">
      <Filter>src\plugins\gme</Filter>
    </ClCompile>
    <ClCompile Include="..\..\..\src\plugins\libgme\gme\Fir_Resampler.cpp">
      <Filter>src\plugins\gme</Filter>
    </ClCompile>
    <ClCompile Include="..\..\..\src\plugins\libgme\gme\Gb_Apu.cpp">
      <Filter>src\plugins\gme</Filter>
    </ClCompile>
    <ClCompile Include="..\..\..\src\plugins\libgme\gme\Gb_Cpu.cpp">
      <Filter>src\plugins\gme</Filter>
    </ClCompile>
    <ClCompile Include="..\..\..\src\plugins\libgme\gme\Gb_Oscs.cpp">
      <Filter>src\plugins\gme</Filter>
    </ClCompile>
    <ClCompile Include="..\..\..\src\plugins\libgme\gme\Gbs_Emu.cpp">
      <Filter>src\plugins\gme</Filter>
    </ClCompile>
    <ClCompile Include="..\..\..\src\plugins\libgme\gme\gme.cpp">
      <Filter>src\plugins\gme</Filter>
    </ClCompile>
    <ClCompile Include="..\..\..\src\plugins\libgme\gme\Gme_File.cpp">
      <Filter>src\plugins\gme</Filter>
    </ClCompile>
    <ClCompile Include="..\..\..\src\plugins\libgme\gme\Gym_Emu.cpp">
      <Filter>src\plugins\gme</Filter>
    </ClCompile>
    <ClCompile Include="..\..\..\src\plugins\libgme\gme\Hes_Apu.cpp">
      <Filter>src\plugins\gme</Filter>
    </ClCompile>
    <ClCompile Include="..\..\..\src\plugins\libgme\gme\Hes_Cpu.cpp">
      <Filter>src\plugins\gme</Filter>
    </ClCompile>
    <ClCompile Include="..\..\..\src\plugins\libgme\gme\Hes_Emu.cpp">
      <Filter>src\plugins\gme</Filter>
    </ClCompile>
    <ClCompile Include="..\..\..\src\plugins\libgme\gme\Kss_Cpu.cpp">
      <Filter>src\plugins\gme</Filter>
    </ClCompile>
    <ClCompile Include="..\..\..\src\plugins\libgme\gme\Kss_Emu.cpp">
      <Filter>src\plugins\gme</Filter>
    </ClCompile>
    <ClCompile Include="..\..\..\src\main.cpp">
      <Filter>src</Filter>
    </ClCompile>
    <ClCompile Include="..\..\..\src\ui\view_manager.cpp">
      <Filter>src\ui</Filter>
    </ClCompile>
    <ClCompile Include="..\..\..\src\plugins\libgme\player\Music_Player.cpp">
      <Filter>src\plugins</Filter>
    </ClCompile>
    <ClCompile Include="..\..\..\src\plugins\libgme\player\Audio_Scope.cpp">
      <Filter>src\plugins</Filter>
    </ClCompile>
    <ClCompile Include="..\..\..\src\plugins\libupse\upse_bios_manager.c">
      <Filter>src\plugins\upse</Filter>
    </ClCompile>
    <ClCompile Include="..\..\..\src\plugins\libupse\upse_container_xsf.c">
      <Filter>src\plugins\upse</Filter>
    </ClCompile>
    <ClCompile Include="..\..\..\src\plugins\libupse\upse_eventloop.c">
      <Filter>src\plugins\upse</Filter>
    </ClCompile>
    <ClCompile Include="..\..\..\src\plugins\libupse\upse_filesystem.c">
      <Filter>src\plugins\upse</Filter>
    </ClCompile>
    <ClCompile Include="..\..\..\src\plugins\libupse\upse_loader.c">
      <Filter>src\plugins\upse</Filter>
    </ClCompile>
    <ClCompile Include="..\..\..\src\plugins\libupse\upse_loader_psf1.c">
      <Filter>src\plugins\upse</Filter>
    </ClCompile>
    <ClCompile Include="..\..\..\src\plugins\libupse\upse_loader_psf2.c">
      <Filter>src\plugins\upse</Filter>
    </ClCompile>
    <ClCompile Include="..\..\..\src\plugins\libupse\upse_module.c">
      <Filter>src\plugins\upse</Filter>
    </ClCompile>
    <ClCompile Include="..\..\..\src\plugins\libupse\upse_ps1_bios_base.c">
      <Filter>src\plugins\upse</Filter>
    </ClCompile>
    <ClCompile Include="..\..\..\src\plugins\libupse\upse_ps1_counters.c">
      <Filter>src\plugins\upse</Filter>
    </ClCompile>
    <ClCompile Include="..\..\..\src\plugins\libupse\upse_ps1_dma_manager.c">
      <Filter>src\plugins\upse</Filter>
    </ClCompile>
    <ClCompile Include="..\..\..\src\plugins\libupse\upse_ps1_executive.c">
      <Filter>src\plugins\upse</Filter>
    </ClCompile>
    <ClCompile Include="..\..\..\src\plugins\libupse\upse_ps1_gpu.c">
      <Filter>src\plugins\upse</Filter>
    </ClCompile>
    <ClCompile Include="..\..\..\src\plugins\libupse\upse_ps1_hal.c">
      <Filter>src\plugins\upse</Filter>
    </ClCompile>
    <ClCompile Include="..\..\..\src\plugins\libupse\upse_ps1_memory_manager.c">
      <Filter>src\plugins\upse</Filter>
    </ClCompile>
    <ClCompile Include="..\..\..\src\plugins\libupse\upse_ps1_spu_base.c">
      <Filter>src\plugins\upse</Filter>
    </ClCompile>
    <ClCompile Include="..\..\..\src\plugins\libupse\upse_ps1_spu_dma_handler.c">
      <Filter>src\plugins\upse</Filter>
    </ClCompile>
    <ClCompile Include="..\..\..\src\plugins\libupse\upse_ps1_spu_lowpass_filter.c">
      <Filter>src\plugins\upse</Filter>
    </ClCompile>
    <ClCompile Include="..\..\..\src\plugins\libupse\upse_ps1_spu_nyquist_filter.c">
      <Filter>src\plugins\upse</Filter>
    </ClCompile>
    <ClCompile Include="..\..\..\src\plugins\libupse\upse_ps1_spu_register_io.c">
      <Filter>src\plugins\upse</Filter>
    </ClCompile>
    <ClCompile Include="..\..\..\src\plugins\libupse\upse_ps2_iop_base.c">
      <Filter>src\plugins\upse</Filter>
    </ClCompile>
    <ClCompile Include="..\..\..\src\plugins\libupse\upse_r3000_abstract.c">
      <Filter>src\plugins\upse</Filter>
    </ClCompile>
    <ClCompile Include="..\..\..\src\plugins\libupse\upse_r3000_bytecode_evaluator.c">
      <Filter>src\plugins\upse</Filter>
    </ClCompile>
    <ClCompile Include="..\..\..\src\plugins\libupse\upse_string.c">
      <Filter>src\plugins\upse</Filter>
    </ClCompile>
    <ClCompile Include="..\..\..\src\plugins\libupse\upse_util.c">
      <Filter>src\plugins\upse</Filter>
    </ClCompile>
    <ClCompile Include="..\..\..\src\plugins\libupse\Neill\spu.c">
      <Filter>src\plugins\upse\Neill</Filter>
    </ClCompile>
    <ClCompile Include="..\..\..\src\plugins\libupse\Neill\spucore.c">
      <Filter>src\plugins\upse\Neill</Filter>
    </ClCompile>
    <ClCompile Include="..\..\..\src\FileManager.cpp">
      <Filter>src</Filter>
    </ClCompile>
  </ItemGroup>
  <ItemGroup>
    <ClInclude Include="..\..\..\src\plugins\libgme\gme\Kss_Scc_Apu.h">
      <Filter>src\plugins\gme</Filter>
    </ClInclude>
    <ClInclude Include="..\..\..\src\plugins\libgme\gme\M3u_Playlist.h">
      <Filter>src\plugins\gme</Filter>
    </ClInclude>
    <ClInclude Include="..\..\..\src\plugins\libgme\gme\Multi_Buffer.h">
      <Filter>src\plugins\gme</Filter>
    </ClInclude>
    <ClInclude Include="..\..\..\src\plugins\libgme\gme\Music_Emu.h">
      <Filter>src\plugins\gme</Filter>
    </ClInclude>
    <ClInclude Include="..\..\..\src\plugins\libgme\gme\Nes_Apu.h">
      <Filter>src\plugins\gme</Filter>
    </ClInclude>
    <ClInclude Include="..\..\..\src\plugins\libgme\gme\Nes_Cpu.h">
      <Filter>src\plugins\gme</Filter>
    </ClInclude>
    <ClInclude Include="..\..\..\src\plugins\libgme\gme\nes_cpu_io.h">
      <Filter>src\plugins\gme</Filter>
    </ClInclude>
    <ClInclude Include="..\..\..\src\plugins\libgme\gme\Nes_Fme7_Apu.h">
      <Filter>src\plugins\gme</Filter>
    </ClInclude>
    <ClInclude Include="..\..\..\src\plugins\libgme\gme\Nes_Namco_Apu.h">
      <Filter>src\plugins\gme</Filter>
    </ClInclude>
    <ClInclude Include="..\..\..\src\plugins\libgme\gme\Nes_Oscs.h">
      <Filter>src\plugins\gme</Filter>
    </ClInclude>
    <ClInclude Include="..\..\..\src\plugins\libgme\gme\Nes_Vrc6_Apu.h">
      <Filter>src\plugins\gme</Filter>
    </ClInclude>
    <ClInclude Include="..\..\..\src\plugins\libgme\gme\Nsf_Emu.h">
      <Filter>src\plugins\gme</Filter>
    </ClInclude>
    <ClInclude Include="..\..\..\src\plugins\libgme\gme\Nsfe_Emu.h">
      <Filter>src\plugins\gme</Filter>
    </ClInclude>
    <ClInclude Include="..\..\..\src\plugins\libgme\gme\Sap_Apu.h">
      <Filter>src\plugins\gme</Filter>
    </ClInclude>
    <ClInclude Include="..\..\..\src\plugins\libgme\gme\Sap_Cpu.h">
      <Filter>src\plugins\gme</Filter>
    </ClInclude>
    <ClInclude Include="..\..\..\src\plugins\libgme\gme\sap_cpu_io.h">
      <Filter>src\plugins\gme</Filter>
    </ClInclude>
    <ClInclude Include="..\..\..\src\plugins\libgme\gme\Sap_Emu.h">
      <Filter>src\plugins\gme</Filter>
    </ClInclude>
    <ClInclude Include="..\..\..\src\plugins\libgme\gme\Sms_Apu.h">
      <Filter>src\plugins\gme</Filter>
    </ClInclude>
    <ClInclude Include="..\..\..\src\plugins\libgme\gme\Sms_Oscs.h">
      <Filter>src\plugins\gme</Filter>
    </ClInclude>
    <ClInclude Include="..\..\..\src\plugins\libgme\gme\Snes_Spc.h">
      <Filter>src\plugins\gme</Filter>
    </ClInclude>
    <ClInclude Include="..\..\..\src\plugins\libgme\gme\Spc_Cpu.h">
      <Filter>src\plugins\gme</Filter>
    </ClInclude>
    <ClInclude Include="..\..\..\src\plugins\libgme\gme\Spc_Dsp.h">
      <Filter>src\plugins\gme</Filter>
    </ClInclude>
    <ClInclude Include="..\..\..\src\plugins\libgme\gme\Spc_Emu.h">
      <Filter>src\plugins\gme</Filter>
    </ClInclude>
    <ClInclude Include="..\..\..\src\plugins\libgme\gme\Spc_Filter.h">
      <Filter>src\plugins\gme</Filter>
    </ClInclude>
    <ClInclude Include="..\..\..\src\plugins\libgme\gme\Vgm_Emu.h">
      <Filter>src\plugins\gme</Filter>
    </ClInclude>
    <ClInclude Include="..\..\..\src\plugins\libgme\gme\Vgm_Emu_Impl.h">
      <Filter>src\plugins\gme</Filter>
    </ClInclude>
    <ClInclude Include="..\..\..\src\plugins\libgme\gme\Ym2413_Emu.h">
      <Filter>src\plugins\gme</Filter>
    </ClInclude>
    <ClInclude Include="..\..\..\src\plugins\libgme\gme\Ym2612_Emu.h">
      <Filter>src\plugins\gme</Filter>
    </ClInclude>
    <ClInclude Include="..\..\..\src\plugins\libgme\gme\Ay_Apu.h">
      <Filter>src\plugins\gme</Filter>
    </ClInclude>
    <ClInclude Include="..\..\..\src\plugins\libgme\gme\Ay_Cpu.h">
      <Filter>src\plugins\gme</Filter>
    </ClInclude>
    <ClInclude Include="..\..\..\src\plugins\libgme\gme\Ay_Emu.h">
      <Filter>src\plugins\gme</Filter>
    </ClInclude>
    <ClInclude Include="..\..\..\src\plugins\libgme\gme\blargg_common.h">
      <Filter>src\plugins\gme</Filter>
    </ClInclude>
    <ClInclude Include="..\..\..\src\plugins\libgme\gme\blargg_config.h">
      <Filter>src\plugins\gme</Filter>
    </ClInclude>
    <ClInclude Include="..\..\..\src\plugins\libgme\gme\blargg_endian.h">
      <Filter>src\plugins\gme</Filter>
    </ClInclude>
    <ClInclude Include="..\..\..\src\plugins\libgme\gme\blargg_source.h">
      <Filter>src\plugins\gme</Filter>
    </ClInclude>
    <ClInclude Include="..\..\..\src\plugins\libgme\gme\Blip_Buffer.h">
      <Filter>src\plugins\gme</Filter>
    </ClInclude>
    <ClInclude Include="..\..\..\src\plugins\libgme\gme\Classic_Emu.h">
      <Filter>src\plugins\gme</Filter>
    </ClInclude>
    <ClInclude Include="..\..\..\src\plugins\libgme\gme\Data_Reader.h">
      <Filter>src\plugins\gme</Filter>
    </ClInclude>
    <ClInclude Include="..\..\..\src\plugins\libgme\gme\Dual_Resampler.h">
      <Filter>src\plugins\gme</Filter>
    </ClInclude>
    <ClInclude Include="..\..\..\src\plugins\libgme\gme\Effects_Buffer.h">
      <Filter>src\plugins\gme</Filter>
    </ClInclude>
    <ClInclude Include="..\..\..\src\plugins\libgme\gme\Fir_Resampler.h">
      <Filter>src\plugins\gme</Filter>
    </ClInclude>
    <ClInclude Include="..\..\..\src\plugins\libgme\gme\Gb_Apu.h">
      <Filter>src\plugins\gme</Filter>
    </ClInclude>
    <ClInclude Include="..\..\..\src\plugins\libgme\gme\Gb_Cpu.h">
      <Filter>src\plugins\gme</Filter>
    </ClInclude>
    <ClInclude Include="..\..\..\src\plugins\libgme\gme\gb_cpu_io.h">
      <Filter>src\plugins\gme</Filter>
    </ClInclude>
    <ClInclude Include="..\..\..\src\plugins\libgme\gme\Gb_Oscs.h">
      <Filter>src\plugins\gme</Filter>
    </ClInclude>
    <ClInclude Include="..\..\..\src\plugins\libgme\gme\Gbs_Emu.h">
      <Filter>src\plugins\gme</Filter>
    </ClInclude>
    <ClInclude Include="..\..\..\src\plugins\libgme\gme\gme.h">
      <Filter>src\plugins\gme</Filter>
    </ClInclude>
    <ClInclude Include="..\..\..\src\plugins\libgme\gme\Gme_File.h">
      <Filter>src\plugins\gme</Filter>
    </ClInclude>
    <ClInclude Include="..\..\..\src\plugins\libgme\gme\gme_types.h">
      <Filter>src\plugins\gme</Filter>
    </ClInclude>
    <ClInclude Include="..\..\..\src\plugins\libgme\gme\Gym_Emu.h">
      <Filter>src\plugins\gme</Filter>
    </ClInclude>
    <ClInclude Include="..\..\..\src\plugins\libgme\gme\Hes_Apu.h">
      <Filter>src\plugins\gme</Filter>
    </ClInclude>
    <ClInclude Include="..\..\..\src\plugins\libgme\gme\Hes_Cpu.h">
      <Filter>src\plugins\gme</Filter>
    </ClInclude>
    <ClInclude Include="..\..\..\src\plugins\libgme\gme\hes_cpu_io.h">
      <Filter>src\plugins\gme</Filter>
    </ClInclude>
    <ClInclude Include="..\..\..\src\plugins\libgme\gme\Hes_Emu.h">
      <Filter>src\plugins\gme</Filter>
    </ClInclude>
    <ClInclude Include="..\..\..\src\plugins\libgme\gme\Kss_Cpu.h">
      <Filter>src\plugins\gme</Filter>
    </ClInclude>
    <ClInclude Include="..\..\..\src\plugins\libgme\gme\Kss_Emu.h">
      <Filter>src\plugins\gme</Filter>
    </ClInclude>
    <ClInclude Include="..\..\..\src\ui\view_manager.h">
      <Filter>src\ui</Filter>
    </ClInclude>
    <ClInclude Include="..\..\..\src\ui\sdl_helper.h">
      <Filter>src\ui</Filter>
    </ClInclude>
    <ClInclude Include="..\..\..\src\ui\views.h">
      <Filter>src\ui</Filter>
    </ClInclude>
    <ClInclude Include="..\..\..\src\plugins\libupse\upse-ps1-spu-features.h">
      <Filter>src\plugins\upse</Filter>
    </ClInclude>
    <ClInclude Include="..\..\..\src\plugins\libupse\upse-ps1-spu-register-io.h">
      <Filter>src\plugins\upse</Filter>
    </ClInclude>
    <ClInclude Include="..\..\..\src\plugins\libupse\upse-ps2-iop-private.h">
      <Filter>src\plugins\upse</Filter>
    </ClInclude>
    <ClInclude Include="..\..\..\src\plugins\libupse\upse-r3000-abstract.h">
      <Filter>src\plugins\upse</Filter>
    </ClInclude>
    <ClInclude Include="..\..\..\src\plugins\libupse\upse-spu-internal.h">
      <Filter>src\plugins\upse</Filter>
    </ClInclude>
    <ClInclude Include="..\..\..\src\plugins\libupse\upse-string.h">
      <Filter>src\plugins\upse</Filter>
    </ClInclude>
    <ClInclude Include="..\..\..\src\plugins\libupse\upse-types.h">
      <Filter>src\plugins\upse</Filter>
    </ClInclude>
    <ClInclude Include="..\..\..\src\plugins\libupse\upse.h">
      <Filter>src\plugins\upse</Filter>
    </ClInclude>
    <ClInclude Include="..\..\..\src\plugins\libupse\upse-container-xsf.h">
      <Filter>src\plugins\upse</Filter>
    </ClInclude>
    <ClInclude Include="..\..\..\src\plugins\libupse\upse-debug.h">
      <Filter>src\plugins\upse</Filter>
    </ClInclude>
    <ClInclude Include="..\..\..\src\plugins\libupse\upse-eventloop.h">
      <Filter>src\plugins\upse</Filter>
    </ClInclude>
    <ClInclude Include="..\..\..\src\plugins\libupse\upse-filesystem.h">
      <Filter>src\plugins\upse</Filter>
    </ClInclude>
    <ClInclude Include="..\..\..\src\plugins\libupse\upse-internal.h">
      <Filter>src\plugins\upse</Filter>
    </ClInclude>
    <ClInclude Include="..\..\..\src\plugins\libupse\upse-loader.h">
      <Filter>src\plugins\upse</Filter>
    </ClInclude>
    <ClInclude Include="..\..\..\src\plugins\libupse\upse-module.h">
      <Filter>src\plugins\upse</Filter>
    </ClInclude>
    <ClInclude Include="..\..\..\src\plugins\libupse\upse-ps1-bios-base.h">
      <Filter>src\plugins\upse</Filter>
    </ClInclude>
    <ClInclude Include="..\..\..\src\plugins\libupse\upse-ps1-bios-private.h">
      <Filter>src\plugins\upse</Filter>
    </ClInclude>
    <ClInclude Include="..\..\..\src\plugins\libupse\upse-ps1-counters.h">
      <Filter>src\plugins\upse</Filter>
    </ClInclude>
    <ClInclude Include="..\..\..\src\plugins\libupse\upse-ps1-dma-manager.h">
      <Filter>src\plugins\upse</Filter>
    </ClInclude>
    <ClInclude Include="..\..\..\src\plugins\libupse\upse-ps1-executive.h">
      <Filter>src\plugins\upse</Filter>
    </ClInclude>
    <ClInclude Include="..\..\..\src\plugins\libupse\upse-ps1-gpu.h">
      <Filter>src\plugins\upse</Filter>
    </ClInclude>
    <ClInclude Include="..\..\..\src\plugins\libupse\upse-ps1-hal.h">
      <Filter>src\plugins\upse</Filter>
    </ClInclude>
    <ClInclude Include="..\..\..\src\plugins\libupse\upse-ps1-memory-manager.h">
      <Filter>src\plugins\upse</Filter>
    </ClInclude>
    <ClInclude Include="..\..\..\src\plugins\libupse\upse-ps1-spu-abstract.h">
      <Filter>src\plugins\upse</Filter>
    </ClInclude>
    <ClInclude Include="..\..\..\src\plugins\libupse\upse-ps1-spu-base.h">
      <Filter>src\plugins\upse</Filter>
    </ClInclude>
    <ClInclude Include="..\..\..\src\plugins\libupse\upse-ps1-spu-dma-handler.h">
      <Filter>src\plugins\upse</Filter>
    </ClInclude>
    <ClInclude Include="..\..\..\src\plugins\libupse\Neill\emuconfig.h">
      <Filter>src\plugins\upse\Neill</Filter>
    </ClInclude>
    <ClInclude Include="..\..\..\src\plugins\libupse\Neill\spu.h">
      <Filter>src\plugins\upse\Neill</Filter>
    </ClInclude>
    <ClInclude Include="..\..\..\src\plugins\libupse\Neill\spucore.h">
      <Filter>src\plugins\upse\Neill</Filter>
    </ClInclude>
    <ClInclude Include="..\..\..\src\AudioEngine.h">
      <Filter>src</Filter>
    </ClInclude>
    <ClInclude Include="..\..\..\src\FileManager.h">
      <Filter>src</Filter>
    </ClInclude>
    <ClInclude Include="..\..\..\src\Plugin.h" />
    <ClInclude Include="..\..\..\src\Common.h" />
  </ItemGroup>
  <ItemGroup>
    <None Include="..\..\..\src\plugins\libgme\gme\libgme.pc.in">
      <Filter>src\plugins\gme</Filter>
    </None>
    <None Include="..\..\..\src\plugins\libgme\gme\gme_types.h.in">
      <Filter>src\plugins\gme</Filter>
    </None>
  </ItemGroup>
  <ItemGroup>
    <Text Include="..\..\..\src\plugins\libgme\gme\CMakeLists.txt">
      <Filter>src\plugins\gme</Filter>
    </Text>
  </ItemGroup>
</Project>